
Microsoft Visual Studio Solution File, Format Version 12.00
# Visual Studio 2013
VisualStudioVersion = 12.0.31101.0
MinimumVisualStudioVersion = 10.0.40219.1
Project("{FAE04EC0-301F-11D3-BF4B-00C04F79EFBC}") = "XamarinPrismNavigation", "XamarinPrismNavigation\XamarinPrismNavigation\XamarinPrismNavigation.csproj", "{E84BAF25-34E5-47F9-868D-BDA1A3F4E144}"
EndProject
Project("{FAE04EC0-301F-11D3-BF4B-00C04F79EFBC}") = "XamarinPrismNavigation.iOS", "XamarinPrismNavigation\XamarinPrismNavigation.iOS\XamarinPrismNavigation.iOS.csproj", "{758DBF60-2F8F-4FE8-8F54-52B3C286BF57}"
EndProject
Project("{FAE04EC0-301F-11D3-BF4B-00C04F79EFBC}") = "XamarinPrismNavigation.WinPhone", "XamarinPrismNavigation\XamarinPrismNavigation.WinPhone\XamarinPrismNavigation.WinPhone.csproj", "{F53982EF-2749-44CF-B7EA-C2C1A00BC4C3}"
EndProject
Project("{FAE04EC0-301F-11D3-BF4B-00C04F79EFBC}") = "Prism.Mvvm", "Microsoft.Practices.Prism.Mvvm\Prism.Mvvm\Prism.Mvvm.csproj", "{A6DF5A4A-087E-4422-B1C4-37F99D78B01B}"
EndProject
Project("{FAE04EC0-301F-11D3-BF4B-00C04F79EFBC}") = "Prism.Mvvm.Xamarin", "Microsoft.Practices.Prism.Mvvm\Prism.Mvvm.Xamarin\Prism.Mvvm.Xamarin.csproj", "{67F9D3A8-F71E-4428-913F-C37AE82CDB24}"
EndProject
Project("{FAE04EC0-301F-11D3-BF4B-00C04F79EFBC}") = "Prism.SharedInterfaces", "Microsoft.Practices.Prism.Mvvm\Prism.SharedInterfaces\Prism.SharedInterfaces.csproj", "{0FB574F7-7042-428F-AA56-196FD83120F8}"
EndProject
Project("{2150E333-8FDC-42A3-9474-1A3956D46DE8}") = ".nuget", ".nuget", "{A41C2B9C-2165-46B0-B219-3B537083919D}"
	ProjectSection(SolutionItems) = preProject
		.nuget\NuGet.Config = .nuget\NuGet.Config
		.nuget\NuGet.exe = .nuget\NuGet.exe
		.nuget\NuGet.targets = .nuget\NuGet.targets
	EndProjectSection
EndProject
Project("{FAE04EC0-301F-11D3-BF4B-00C04F79EFBC}") = "Prism.Xamarin", "Prism.Xamarin\Prism.Xamarin.csproj", "{668756DC-1C2B-4ED7-8978-1AE580095E92}"
EndProject
Global
	GlobalSection(SolutionConfigurationPlatforms) = preSolution
		Ad-Hoc|Any CPU = Ad-Hoc|Any CPU
		Ad-Hoc|ARM = Ad-Hoc|ARM
		Ad-Hoc|iPhone = Ad-Hoc|iPhone
		Ad-Hoc|iPhoneSimulator = Ad-Hoc|iPhoneSimulator
		Ad-Hoc|Mixed Platforms = Ad-Hoc|Mixed Platforms
		Ad-Hoc|x86 = Ad-Hoc|x86
		AppStore|Any CPU = AppStore|Any CPU
		AppStore|ARM = AppStore|ARM
		AppStore|iPhone = AppStore|iPhone
		AppStore|iPhoneSimulator = AppStore|iPhoneSimulator
		AppStore|Mixed Platforms = AppStore|Mixed Platforms
		AppStore|x86 = AppStore|x86
		Debug|Any CPU = Debug|Any CPU
		Debug|ARM = Debug|ARM
		Debug|iPhone = Debug|iPhone
		Debug|iPhoneSimulator = Debug|iPhoneSimulator
		Debug|Mixed Platforms = Debug|Mixed Platforms
		Debug|x86 = Debug|x86
		Release|Any CPU = Release|Any CPU
		Release|ARM = Release|ARM
		Release|iPhone = Release|iPhone
		Release|iPhoneSimulator = Release|iPhoneSimulator
		Release|Mixed Platforms = Release|Mixed Platforms
		Release|x86 = Release|x86
	EndGlobalSection
	GlobalSection(ProjectConfigurationPlatforms) = postSolution
		{E84BAF25-34E5-47F9-868D-BDA1A3F4E144}.Ad-Hoc|Any CPU.ActiveCfg = Release|Any CPU
		{E84BAF25-34E5-47F9-868D-BDA1A3F4E144}.Ad-Hoc|Any CPU.Build.0 = Release|Any CPU
		{E84BAF25-34E5-47F9-868D-BDA1A3F4E144}.Ad-Hoc|ARM.ActiveCfg = Release|Any CPU
		{E84BAF25-34E5-47F9-868D-BDA1A3F4E144}.Ad-Hoc|iPhone.ActiveCfg = Release|Any CPU
		{E84BAF25-34E5-47F9-868D-BDA1A3F4E144}.Ad-Hoc|iPhoneSimulator.ActiveCfg = Release|Any CPU
		{E84BAF25-34E5-47F9-868D-BDA1A3F4E144}.Ad-Hoc|Mixed Platforms.ActiveCfg = Release|Any CPU
		{E84BAF25-34E5-47F9-868D-BDA1A3F4E144}.Ad-Hoc|Mixed Platforms.Build.0 = Release|Any CPU
		{E84BAF25-34E5-47F9-868D-BDA1A3F4E144}.Ad-Hoc|x86.ActiveCfg = Release|Any CPU
		{E84BAF25-34E5-47F9-868D-BDA1A3F4E144}.AppStore|Any CPU.ActiveCfg = Release|Any CPU
		{E84BAF25-34E5-47F9-868D-BDA1A3F4E144}.AppStore|Any CPU.Build.0 = Release|Any CPU
		{E84BAF25-34E5-47F9-868D-BDA1A3F4E144}.AppStore|ARM.ActiveCfg = Release|Any CPU
		{E84BAF25-34E5-47F9-868D-BDA1A3F4E144}.AppStore|iPhone.ActiveCfg = Release|Any CPU
		{E84BAF25-34E5-47F9-868D-BDA1A3F4E144}.AppStore|iPhoneSimulator.ActiveCfg = Release|Any CPU
		{E84BAF25-34E5-47F9-868D-BDA1A3F4E144}.AppStore|Mixed Platforms.ActiveCfg = Release|Any CPU
		{E84BAF25-34E5-47F9-868D-BDA1A3F4E144}.AppStore|Mixed Platforms.Build.0 = Release|Any CPU
		{E84BAF25-34E5-47F9-868D-BDA1A3F4E144}.AppStore|x86.ActiveCfg = Release|Any CPU
		{E84BAF25-34E5-47F9-868D-BDA1A3F4E144}.Debug|Any CPU.ActiveCfg = Debug|Any CPU
		{E84BAF25-34E5-47F9-868D-BDA1A3F4E144}.Debug|Any CPU.Build.0 = Debug|Any CPU
		{E84BAF25-34E5-47F9-868D-BDA1A3F4E144}.Debug|ARM.ActiveCfg = Debug|Any CPU
		{E84BAF25-34E5-47F9-868D-BDA1A3F4E144}.Debug|iPhone.ActiveCfg = Debug|Any CPU
		{E84BAF25-34E5-47F9-868D-BDA1A3F4E144}.Debug|iPhoneSimulator.ActiveCfg = Debug|Any CPU
		{E84BAF25-34E5-47F9-868D-BDA1A3F4E144}.Debug|Mixed Platforms.ActiveCfg = Debug|Any CPU
		{E84BAF25-34E5-47F9-868D-BDA1A3F4E144}.Debug|Mixed Platforms.Build.0 = Debug|Any CPU
		{E84BAF25-34E5-47F9-868D-BDA1A3F4E144}.Debug|x86.ActiveCfg = Debug|Any CPU
		{E84BAF25-34E5-47F9-868D-BDA1A3F4E144}.Release|Any CPU.ActiveCfg = Release|Any CPU
		{E84BAF25-34E5-47F9-868D-BDA1A3F4E144}.Release|Any CPU.Build.0 = Release|Any CPU
		{E84BAF25-34E5-47F9-868D-BDA1A3F4E144}.Release|ARM.ActiveCfg = Release|Any CPU
		{E84BAF25-34E5-47F9-868D-BDA1A3F4E144}.Release|iPhone.ActiveCfg = Release|Any CPU
		{E84BAF25-34E5-47F9-868D-BDA1A3F4E144}.Release|iPhoneSimulator.ActiveCfg = Release|Any CPU
		{E84BAF25-34E5-47F9-868D-BDA1A3F4E144}.Release|Mixed Platforms.ActiveCfg = Release|Any CPU
		{E84BAF25-34E5-47F9-868D-BDA1A3F4E144}.Release|Mixed Platforms.Build.0 = Release|Any CPU
		{E84BAF25-34E5-47F9-868D-BDA1A3F4E144}.Release|x86.ActiveCfg = Release|Any CPU
		{758DBF60-2F8F-4FE8-8F54-52B3C286BF57}.Ad-Hoc|Any CPU.ActiveCfg = Ad-Hoc|iPhone
		{758DBF60-2F8F-4FE8-8F54-52B3C286BF57}.Ad-Hoc|ARM.ActiveCfg = Ad-Hoc|iPhone
		{758DBF60-2F8F-4FE8-8F54-52B3C286BF57}.Ad-Hoc|iPhone.ActiveCfg = Ad-Hoc|iPhone
		{758DBF60-2F8F-4FE8-8F54-52B3C286BF57}.Ad-Hoc|iPhone.Build.0 = Ad-Hoc|iPhone
		{758DBF60-2F8F-4FE8-8F54-52B3C286BF57}.Ad-Hoc|iPhoneSimulator.ActiveCfg = Ad-Hoc|iPhoneSimulator
		{758DBF60-2F8F-4FE8-8F54-52B3C286BF57}.Ad-Hoc|iPhoneSimulator.Build.0 = Ad-Hoc|iPhoneSimulator
		{758DBF60-2F8F-4FE8-8F54-52B3C286BF57}.Ad-Hoc|Mixed Platforms.ActiveCfg = Ad-Hoc|iPhone
		{758DBF60-2F8F-4FE8-8F54-52B3C286BF57}.Ad-Hoc|Mixed Platforms.Build.0 = Ad-Hoc|iPhone
		{758DBF60-2F8F-4FE8-8F54-52B3C286BF57}.Ad-Hoc|x86.ActiveCfg = Ad-Hoc|iPhone
		{758DBF60-2F8F-4FE8-8F54-52B3C286BF57}.AppStore|Any CPU.ActiveCfg = AppStore|iPhone
		{758DBF60-2F8F-4FE8-8F54-52B3C286BF57}.AppStore|ARM.ActiveCfg = AppStore|iPhone
		{758DBF60-2F8F-4FE8-8F54-52B3C286BF57}.AppStore|iPhone.ActiveCfg = AppStore|iPhone
		{758DBF60-2F8F-4FE8-8F54-52B3C286BF57}.AppStore|iPhone.Build.0 = AppStore|iPhone
		{758DBF60-2F8F-4FE8-8F54-52B3C286BF57}.AppStore|iPhoneSimulator.ActiveCfg = AppStore|iPhoneSimulator
		{758DBF60-2F8F-4FE8-8F54-52B3C286BF57}.AppStore|iPhoneSimulator.Build.0 = AppStore|iPhoneSimulator
		{758DBF60-2F8F-4FE8-8F54-52B3C286BF57}.AppStore|Mixed Platforms.ActiveCfg = AppStore|iPhone
		{758DBF60-2F8F-4FE8-8F54-52B3C286BF57}.AppStore|Mixed Platforms.Build.0 = AppStore|iPhone
		{758DBF60-2F8F-4FE8-8F54-52B3C286BF57}.AppStore|x86.ActiveCfg = AppStore|iPhone
		{758DBF60-2F8F-4FE8-8F54-52B3C286BF57}.Debug|Any CPU.ActiveCfg = Debug|iPhone
		{758DBF60-2F8F-4FE8-8F54-52B3C286BF57}.Debug|ARM.ActiveCfg = Debug|iPhone
		{758DBF60-2F8F-4FE8-8F54-52B3C286BF57}.Debug|iPhone.ActiveCfg = Debug|iPhone
		{758DBF60-2F8F-4FE8-8F54-52B3C286BF57}.Debug|iPhone.Build.0 = Debug|iPhone
		{758DBF60-2F8F-4FE8-8F54-52B3C286BF57}.Debug|iPhoneSimulator.ActiveCfg = Debug|iPhoneSimulator
		{758DBF60-2F8F-4FE8-8F54-52B3C286BF57}.Debug|iPhoneSimulator.Build.0 = Debug|iPhoneSimulator
		{758DBF60-2F8F-4FE8-8F54-52B3C286BF57}.Debug|Mixed Platforms.ActiveCfg = Debug|iPhoneSimulator
		{758DBF60-2F8F-4FE8-8F54-52B3C286BF57}.Debug|Mixed Platforms.Build.0 = Debug|iPhoneSimulator
		{758DBF60-2F8F-4FE8-8F54-52B3C286BF57}.Debug|x86.ActiveCfg = Debug|iPhone
		{758DBF60-2F8F-4FE8-8F54-52B3C286BF57}.Release|Any CPU.ActiveCfg = Release|iPhone
		{758DBF60-2F8F-4FE8-8F54-52B3C286BF57}.Release|ARM.ActiveCfg = Release|iPhone
		{758DBF60-2F8F-4FE8-8F54-52B3C286BF57}.Release|iPhone.ActiveCfg = Release|iPhone
		{758DBF60-2F8F-4FE8-8F54-52B3C286BF57}.Release|iPhone.Build.0 = Release|iPhone
		{758DBF60-2F8F-4FE8-8F54-52B3C286BF57}.Release|iPhoneSimulator.ActiveCfg = Release|iPhoneSimulator
		{758DBF60-2F8F-4FE8-8F54-52B3C286BF57}.Release|iPhoneSimulator.Build.0 = Release|iPhoneSimulator
		{758DBF60-2F8F-4FE8-8F54-52B3C286BF57}.Release|Mixed Platforms.ActiveCfg = Release|iPhone
		{758DBF60-2F8F-4FE8-8F54-52B3C286BF57}.Release|Mixed Platforms.Build.0 = Release|iPhone
		{758DBF60-2F8F-4FE8-8F54-52B3C286BF57}.Release|x86.ActiveCfg = Release|iPhone
		{F53982EF-2749-44CF-B7EA-C2C1A00BC4C3}.Ad-Hoc|Any CPU.ActiveCfg = Release|Any CPU
		{F53982EF-2749-44CF-B7EA-C2C1A00BC4C3}.Ad-Hoc|Any CPU.Build.0 = Release|Any CPU
		{F53982EF-2749-44CF-B7EA-C2C1A00BC4C3}.Ad-Hoc|Any CPU.Deploy.0 = Release|Any CPU
		{F53982EF-2749-44CF-B7EA-C2C1A00BC4C3}.Ad-Hoc|ARM.ActiveCfg = Release|ARM
		{F53982EF-2749-44CF-B7EA-C2C1A00BC4C3}.Ad-Hoc|ARM.Build.0 = Release|ARM
		{F53982EF-2749-44CF-B7EA-C2C1A00BC4C3}.Ad-Hoc|ARM.Deploy.0 = Release|ARM
		{F53982EF-2749-44CF-B7EA-C2C1A00BC4C3}.Ad-Hoc|iPhone.ActiveCfg = Release|Any CPU
		{F53982EF-2749-44CF-B7EA-C2C1A00BC4C3}.Ad-Hoc|iPhoneSimulator.ActiveCfg = Release|Any CPU
		{F53982EF-2749-44CF-B7EA-C2C1A00BC4C3}.Ad-Hoc|Mixed Platforms.ActiveCfg = Release|x86
		{F53982EF-2749-44CF-B7EA-C2C1A00BC4C3}.Ad-Hoc|Mixed Platforms.Build.0 = Release|x86
		{F53982EF-2749-44CF-B7EA-C2C1A00BC4C3}.Ad-Hoc|Mixed Platforms.Deploy.0 = Release|x86
		{F53982EF-2749-44CF-B7EA-C2C1A00BC4C3}.Ad-Hoc|x86.ActiveCfg = Release|x86
		{F53982EF-2749-44CF-B7EA-C2C1A00BC4C3}.Ad-Hoc|x86.Build.0 = Release|x86
		{F53982EF-2749-44CF-B7EA-C2C1A00BC4C3}.Ad-Hoc|x86.Deploy.0 = Release|x86
		{F53982EF-2749-44CF-B7EA-C2C1A00BC4C3}.AppStore|Any CPU.ActiveCfg = Release|Any CPU
		{F53982EF-2749-44CF-B7EA-C2C1A00BC4C3}.AppStore|Any CPU.Build.0 = Release|Any CPU
		{F53982EF-2749-44CF-B7EA-C2C1A00BC4C3}.AppStore|Any CPU.Deploy.0 = Release|Any CPU
		{F53982EF-2749-44CF-B7EA-C2C1A00BC4C3}.AppStore|ARM.ActiveCfg = Release|ARM
		{F53982EF-2749-44CF-B7EA-C2C1A00BC4C3}.AppStore|ARM.Build.0 = Release|ARM
		{F53982EF-2749-44CF-B7EA-C2C1A00BC4C3}.AppStore|ARM.Deploy.0 = Release|ARM
		{F53982EF-2749-44CF-B7EA-C2C1A00BC4C3}.AppStore|iPhone.ActiveCfg = Release|Any CPU
		{F53982EF-2749-44CF-B7EA-C2C1A00BC4C3}.AppStore|iPhoneSimulator.ActiveCfg = Release|Any CPU
		{F53982EF-2749-44CF-B7EA-C2C1A00BC4C3}.AppStore|Mixed Platforms.ActiveCfg = Release|x86
		{F53982EF-2749-44CF-B7EA-C2C1A00BC4C3}.AppStore|Mixed Platforms.Build.0 = Release|x86
		{F53982EF-2749-44CF-B7EA-C2C1A00BC4C3}.AppStore|Mixed Platforms.Deploy.0 = Release|x86
		{F53982EF-2749-44CF-B7EA-C2C1A00BC4C3}.AppStore|x86.ActiveCfg = Release|x86
		{F53982EF-2749-44CF-B7EA-C2C1A00BC4C3}.AppStore|x86.Build.0 = Release|x86
		{F53982EF-2749-44CF-B7EA-C2C1A00BC4C3}.AppStore|x86.Deploy.0 = Release|x86
		{F53982EF-2749-44CF-B7EA-C2C1A00BC4C3}.Debug|Any CPU.ActiveCfg = Debug|Any CPU
		{F53982EF-2749-44CF-B7EA-C2C1A00BC4C3}.Debug|Any CPU.Build.0 = Debug|Any CPU
		{F53982EF-2749-44CF-B7EA-C2C1A00BC4C3}.Debug|Any CPU.Deploy.0 = Debug|Any CPU
		{F53982EF-2749-44CF-B7EA-C2C1A00BC4C3}.Debug|ARM.ActiveCfg = Debug|ARM
		{F53982EF-2749-44CF-B7EA-C2C1A00BC4C3}.Debug|ARM.Build.0 = Debug|ARM
		{F53982EF-2749-44CF-B7EA-C2C1A00BC4C3}.Debug|ARM.Deploy.0 = Debug|ARM
		{F53982EF-2749-44CF-B7EA-C2C1A00BC4C3}.Debug|iPhone.ActiveCfg = Debug|Any CPU
		{F53982EF-2749-44CF-B7EA-C2C1A00BC4C3}.Debug|iPhoneSimulator.ActiveCfg = Debug|Any CPU
		{F53982EF-2749-44CF-B7EA-C2C1A00BC4C3}.Debug|Mixed Platforms.ActiveCfg = Debug|Any CPU
		{F53982EF-2749-44CF-B7EA-C2C1A00BC4C3}.Debug|Mixed Platforms.Build.0 = Debug|Any CPU
		{F53982EF-2749-44CF-B7EA-C2C1A00BC4C3}.Debug|Mixed Platforms.Deploy.0 = Debug|Any CPU
		{F53982EF-2749-44CF-B7EA-C2C1A00BC4C3}.Debug|x86.ActiveCfg = Debug|x86
		{F53982EF-2749-44CF-B7EA-C2C1A00BC4C3}.Debug|x86.Build.0 = Debug|x86
		{F53982EF-2749-44CF-B7EA-C2C1A00BC4C3}.Debug|x86.Deploy.0 = Debug|x86
		{F53982EF-2749-44CF-B7EA-C2C1A00BC4C3}.Release|Any CPU.ActiveCfg = Release|Any CPU
		{F53982EF-2749-44CF-B7EA-C2C1A00BC4C3}.Release|Any CPU.Build.0 = Release|Any CPU
		{F53982EF-2749-44CF-B7EA-C2C1A00BC4C3}.Release|Any CPU.Deploy.0 = Release|Any CPU
		{F53982EF-2749-44CF-B7EA-C2C1A00BC4C3}.Release|ARM.ActiveCfg = Release|ARM
		{F53982EF-2749-44CF-B7EA-C2C1A00BC4C3}.Release|ARM.Build.0 = Release|ARM
		{F53982EF-2749-44CF-B7EA-C2C1A00BC4C3}.Release|ARM.Deploy.0 = Release|ARM
		{F53982EF-2749-44CF-B7EA-C2C1A00BC4C3}.Release|iPhone.ActiveCfg = Release|Any CPU
		{F53982EF-2749-44CF-B7EA-C2C1A00BC4C3}.Release|iPhoneSimulator.ActiveCfg = Release|Any CPU
		{F53982EF-2749-44CF-B7EA-C2C1A00BC4C3}.Release|Mixed Platforms.ActiveCfg = Release|x86
		{F53982EF-2749-44CF-B7EA-C2C1A00BC4C3}.Release|Mixed Platforms.Build.0 = Release|x86
		{F53982EF-2749-44CF-B7EA-C2C1A00BC4C3}.Release|Mixed Platforms.Deploy.0 = Release|x86
		{F53982EF-2749-44CF-B7EA-C2C1A00BC4C3}.Release|x86.ActiveCfg = Release|x86
		{F53982EF-2749-44CF-B7EA-C2C1A00BC4C3}.Release|x86.Build.0 = Release|x86
		{F53982EF-2749-44CF-B7EA-C2C1A00BC4C3}.Release|x86.Deploy.0 = Release|x86
		{A6DF5A4A-087E-4422-B1C4-37F99D78B01B}.Ad-Hoc|Any CPU.ActiveCfg = Release|Any CPU
		{A6DF5A4A-087E-4422-B1C4-37F99D78B01B}.Ad-Hoc|Any CPU.Build.0 = Release|Any CPU
		{A6DF5A4A-087E-4422-B1C4-37F99D78B01B}.Ad-Hoc|ARM.ActiveCfg = Release|Any CPU
		{A6DF5A4A-087E-4422-B1C4-37F99D78B01B}.Ad-Hoc|iPhone.ActiveCfg = Release|Any CPU
		{A6DF5A4A-087E-4422-B1C4-37F99D78B01B}.Ad-Hoc|iPhoneSimulator.ActiveCfg = Release|Any CPU
		{A6DF5A4A-087E-4422-B1C4-37F99D78B01B}.Ad-Hoc|Mixed Platforms.ActiveCfg = Release|Any CPU
		{A6DF5A4A-087E-4422-B1C4-37F99D78B01B}.Ad-Hoc|Mixed Platforms.Build.0 = Release|Any CPU
		{A6DF5A4A-087E-4422-B1C4-37F99D78B01B}.Ad-Hoc|x86.ActiveCfg = Release|Any CPU
		{A6DF5A4A-087E-4422-B1C4-37F99D78B01B}.AppStore|Any CPU.ActiveCfg = Release|Any CPU
		{A6DF5A4A-087E-4422-B1C4-37F99D78B01B}.AppStore|Any CPU.Build.0 = Release|Any CPU
		{A6DF5A4A-087E-4422-B1C4-37F99D78B01B}.AppStore|ARM.ActiveCfg = Release|Any CPU
		{A6DF5A4A-087E-4422-B1C4-37F99D78B01B}.AppStore|iPhone.ActiveCfg = Release|Any CPU
		{A6DF5A4A-087E-4422-B1C4-37F99D78B01B}.AppStore|iPhoneSimulator.ActiveCfg = Release|Any CPU
		{A6DF5A4A-087E-4422-B1C4-37F99D78B01B}.AppStore|Mixed Platforms.ActiveCfg = Release|Any CPU
		{A6DF5A4A-087E-4422-B1C4-37F99D78B01B}.AppStore|Mixed Platforms.Build.0 = Release|Any CPU
		{A6DF5A4A-087E-4422-B1C4-37F99D78B01B}.AppStore|x86.ActiveCfg = Release|Any CPU
		{A6DF5A4A-087E-4422-B1C4-37F99D78B01B}.Debug|Any CPU.ActiveCfg = Debug|Any CPU
		{A6DF5A4A-087E-4422-B1C4-37F99D78B01B}.Debug|Any CPU.Build.0 = Debug|Any CPU
		{A6DF5A4A-087E-4422-B1C4-37F99D78B01B}.Debug|ARM.ActiveCfg = Debug|Any CPU
		{A6DF5A4A-087E-4422-B1C4-37F99D78B01B}.Debug|iPhone.ActiveCfg = Debug|Any CPU
		{A6DF5A4A-087E-4422-B1C4-37F99D78B01B}.Debug|iPhoneSimulator.ActiveCfg = Debug|Any CPU
		{A6DF5A4A-087E-4422-B1C4-37F99D78B01B}.Debug|Mixed Platforms.ActiveCfg = Debug|Any CPU
		{A6DF5A4A-087E-4422-B1C4-37F99D78B01B}.Debug|Mixed Platforms.Build.0 = Debug|Any CPU
		{A6DF5A4A-087E-4422-B1C4-37F99D78B01B}.Debug|x86.ActiveCfg = Debug|Any CPU
		{A6DF5A4A-087E-4422-B1C4-37F99D78B01B}.Release|Any CPU.ActiveCfg = Release|Any CPU
		{A6DF5A4A-087E-4422-B1C4-37F99D78B01B}.Release|Any CPU.Build.0 = Release|Any CPU
		{A6DF5A4A-087E-4422-B1C4-37F99D78B01B}.Release|ARM.ActiveCfg = Release|Any CPU
		{A6DF5A4A-087E-4422-B1C4-37F99D78B01B}.Release|iPhone.ActiveCfg = Release|Any CPU
		{A6DF5A4A-087E-4422-B1C4-37F99D78B01B}.Release|iPhoneSimulator.ActiveCfg = Release|Any CPU
		{A6DF5A4A-087E-4422-B1C4-37F99D78B01B}.Release|Mixed Platforms.ActiveCfg = Release|Any CPU
		{A6DF5A4A-087E-4422-B1C4-37F99D78B01B}.Release|Mixed Platforms.Build.0 = Release|Any CPU
		{A6DF5A4A-087E-4422-B1C4-37F99D78B01B}.Release|x86.ActiveCfg = Release|Any CPU
		{67F9D3A8-F71E-4428-913F-C37AE82CDB24}.Ad-Hoc|Any CPU.ActiveCfg = Release|Any CPU
		{67F9D3A8-F71E-4428-913F-C37AE82CDB24}.Ad-Hoc|Any CPU.Build.0 = Release|Any CPU
		{67F9D3A8-F71E-4428-913F-C37AE82CDB24}.Ad-Hoc|ARM.ActiveCfg = Release|Any CPU
		{67F9D3A8-F71E-4428-913F-C37AE82CDB24}.Ad-Hoc|iPhone.ActiveCfg = Release|Any CPU
		{67F9D3A8-F71E-4428-913F-C37AE82CDB24}.Ad-Hoc|iPhoneSimulator.ActiveCfg = Release|Any CPU
		{67F9D3A8-F71E-4428-913F-C37AE82CDB24}.Ad-Hoc|Mixed Platforms.ActiveCfg = Release|Any CPU
		{67F9D3A8-F71E-4428-913F-C37AE82CDB24}.Ad-Hoc|Mixed Platforms.Build.0 = Release|Any CPU
		{67F9D3A8-F71E-4428-913F-C37AE82CDB24}.Ad-Hoc|x86.ActiveCfg = Release|Any CPU
		{67F9D3A8-F71E-4428-913F-C37AE82CDB24}.AppStore|Any CPU.ActiveCfg = Release|Any CPU
		{67F9D3A8-F71E-4428-913F-C37AE82CDB24}.AppStore|Any CPU.Build.0 = Release|Any CPU
		{67F9D3A8-F71E-4428-913F-C37AE82CDB24}.AppStore|ARM.ActiveCfg = Release|Any CPU
		{67F9D3A8-F71E-4428-913F-C37AE82CDB24}.AppStore|iPhone.ActiveCfg = Release|Any CPU
		{67F9D3A8-F71E-4428-913F-C37AE82CDB24}.AppStore|iPhoneSimulator.ActiveCfg = Release|Any CPU
		{67F9D3A8-F71E-4428-913F-C37AE82CDB24}.AppStore|Mixed Platforms.ActiveCfg = Release|Any CPU
		{67F9D3A8-F71E-4428-913F-C37AE82CDB24}.AppStore|Mixed Platforms.Build.0 = Release|Any CPU
		{67F9D3A8-F71E-4428-913F-C37AE82CDB24}.AppStore|x86.ActiveCfg = Release|Any CPU
		{67F9D3A8-F71E-4428-913F-C37AE82CDB24}.Debug|Any CPU.ActiveCfg = Debug|Any CPU
		{67F9D3A8-F71E-4428-913F-C37AE82CDB24}.Debug|Any CPU.Build.0 = Debug|Any CPU
		{67F9D3A8-F71E-4428-913F-C37AE82CDB24}.Debug|ARM.ActiveCfg = Debug|Any CPU
		{67F9D3A8-F71E-4428-913F-C37AE82CDB24}.Debug|iPhone.ActiveCfg = Debug|Any CPU
		{67F9D3A8-F71E-4428-913F-C37AE82CDB24}.Debug|iPhoneSimulator.ActiveCfg = Debug|Any CPU
		{67F9D3A8-F71E-4428-913F-C37AE82CDB24}.Debug|Mixed Platforms.ActiveCfg = Debug|Any CPU
		{67F9D3A8-F71E-4428-913F-C37AE82CDB24}.Debug|Mixed Platforms.Build.0 = Debug|Any CPU
		{67F9D3A8-F71E-4428-913F-C37AE82CDB24}.Debug|x86.ActiveCfg = Debug|Any CPU
		{67F9D3A8-F71E-4428-913F-C37AE82CDB24}.Release|Any CPU.ActiveCfg = Release|Any CPU
		{67F9D3A8-F71E-4428-913F-C37AE82CDB24}.Release|Any CPU.Build.0 = Release|Any CPU
		{67F9D3A8-F71E-4428-913F-C37AE82CDB24}.Release|ARM.ActiveCfg = Release|Any CPU
		{67F9D3A8-F71E-4428-913F-C37AE82CDB24}.Release|iPhone.ActiveCfg = Release|Any CPU
		{67F9D3A8-F71E-4428-913F-C37AE82CDB24}.Release|iPhoneSimulator.ActiveCfg = Release|Any CPU
		{67F9D3A8-F71E-4428-913F-C37AE82CDB24}.Release|Mixed Platforms.ActiveCfg = Release|Any CPU
		{67F9D3A8-F71E-4428-913F-C37AE82CDB24}.Release|Mixed Platforms.Build.0 = Release|Any CPU
		{67F9D3A8-F71E-4428-913F-C37AE82CDB24}.Release|x86.ActiveCfg = Release|Any CPU
		{0FB574F7-7042-428F-AA56-196FD83120F8}.Ad-Hoc|Any CPU.ActiveCfg = Release|Any CPU
		{0FB574F7-7042-428F-AA56-196FD83120F8}.Ad-Hoc|Any CPU.Build.0 = Release|Any CPU
		{0FB574F7-7042-428F-AA56-196FD83120F8}.Ad-Hoc|ARM.ActiveCfg = Release|Any CPU
		{0FB574F7-7042-428F-AA56-196FD83120F8}.Ad-Hoc|iPhone.ActiveCfg = Release|Any CPU
		{0FB574F7-7042-428F-AA56-196FD83120F8}.Ad-Hoc|iPhoneSimulator.ActiveCfg = Release|Any CPU
		{0FB574F7-7042-428F-AA56-196FD83120F8}.Ad-Hoc|Mixed Platforms.ActiveCfg = Release|Any CPU
		{0FB574F7-7042-428F-AA56-196FD83120F8}.Ad-Hoc|Mixed Platforms.Build.0 = Release|Any CPU
		{0FB574F7-7042-428F-AA56-196FD83120F8}.Ad-Hoc|x86.ActiveCfg = Release|Any CPU
		{0FB574F7-7042-428F-AA56-196FD83120F8}.AppStore|Any CPU.ActiveCfg = Release|Any CPU
		{0FB574F7-7042-428F-AA56-196FD83120F8}.AppStore|Any CPU.Build.0 = Release|Any CPU
		{0FB574F7-7042-428F-AA56-196FD83120F8}.AppStore|ARM.ActiveCfg = Release|Any CPU
		{0FB574F7-7042-428F-AA56-196FD83120F8}.AppStore|iPhone.ActiveCfg = Release|Any CPU
		{0FB574F7-7042-428F-AA56-196FD83120F8}.AppStore|iPhoneSimulator.ActiveCfg = Release|Any CPU
		{0FB574F7-7042-428F-AA56-196FD83120F8}.AppStore|Mixed Platforms.ActiveCfg = Release|Any CPU
		{0FB574F7-7042-428F-AA56-196FD83120F8}.AppStore|Mixed Platforms.Build.0 = Release|Any CPU
		{0FB574F7-7042-428F-AA56-196FD83120F8}.AppStore|x86.ActiveCfg = Release|Any CPU
		{0FB574F7-7042-428F-AA56-196FD83120F8}.Debug|Any CPU.ActiveCfg = Debug|Any CPU
		{0FB574F7-7042-428F-AA56-196FD83120F8}.Debug|Any CPU.Build.0 = Debug|Any CPU
		{0FB574F7-7042-428F-AA56-196FD83120F8}.Debug|ARM.ActiveCfg = Debug|Any CPU
		{0FB574F7-7042-428F-AA56-196FD83120F8}.Debug|iPhone.ActiveCfg = Debug|Any CPU
		{0FB574F7-7042-428F-AA56-196FD83120F8}.Debug|iPhoneSimulator.ActiveCfg = Debug|Any CPU
		{0FB574F7-7042-428F-AA56-196FD83120F8}.Debug|Mixed Platforms.ActiveCfg = Debug|Any CPU
		{0FB574F7-7042-428F-AA56-196FD83120F8}.Debug|Mixed Platforms.Build.0 = Debug|Any CPU
		{0FB574F7-7042-428F-AA56-196FD83120F8}.Debug|x86.ActiveCfg = Debug|Any CPU
		{0FB574F7-7042-428F-AA56-196FD83120F8}.Release|Any CPU.ActiveCfg = Release|Any CPU
		{0FB574F7-7042-428F-AA56-196FD83120F8}.Release|Any CPU.Build.0 = Release|Any CPU
		{0FB574F7-7042-428F-AA56-196FD83120F8}.Release|ARM.ActiveCfg = Release|Any CPU
		{0FB574F7-7042-428F-AA56-196FD83120F8}.Release|iPhone.ActiveCfg = Release|Any CPU
		{0FB574F7-7042-428F-AA56-196FD83120F8}.Release|iPhoneSimulator.ActiveCfg = Release|Any CPU
		{0FB574F7-7042-428F-AA56-196FD83120F8}.Release|Mixed Platforms.ActiveCfg = Release|Any CPU
		{0FB574F7-7042-428F-AA56-196FD83120F8}.Release|Mixed Platforms.Build.0 = Release|Any CPU
		{0FB574F7-7042-428F-AA56-196FD83120F8}.Release|x86.ActiveCfg = Release|Any CPU
		{668756DC-1C2B-4ED7-8978-1AE580095E92}.Ad-Hoc|Any CPU.ActiveCfg = Release|Any CPU
		{668756DC-1C2B-4ED7-8978-1AE580095E92}.Ad-Hoc|Any CPU.Build.0 = Release|Any CPU
		{668756DC-1C2B-4ED7-8978-1AE580095E92}.Ad-Hoc|ARM.ActiveCfg = Release|Any CPU
		{668756DC-1C2B-4ED7-8978-1AE580095E92}.Ad-Hoc|iPhone.ActiveCfg = Release|Any CPU
		{668756DC-1C2B-4ED7-8978-1AE580095E92}.Ad-Hoc|iPhoneSimulator.ActiveCfg = Release|Any CPU
		{668756DC-1C2B-4ED7-8978-1AE580095E92}.Ad-Hoc|Mixed Platforms.ActiveCfg = Release|Any CPU
		{668756DC-1C2B-4ED7-8978-1AE580095E92}.Ad-Hoc|Mixed Platforms.Build.0 = Release|Any CPU
		{668756DC-1C2B-4ED7-8978-1AE580095E92}.Ad-Hoc|x86.ActiveCfg = Release|Any CPU
		{668756DC-1C2B-4ED7-8978-1AE580095E92}.AppStore|Any CPU.ActiveCfg = Release|Any CPU
		{668756DC-1C2B-4ED7-8978-1AE580095E92}.AppStore|Any CPU.Build.0 = Release|Any CPU
		{668756DC-1C2B-4ED7-8978-1AE580095E92}.AppStore|ARM.ActiveCfg = Release|Any CPU
		{668756DC-1C2B-4ED7-8978-1AE580095E92}.AppStore|iPhone.ActiveCfg = Release|Any CPU
		{668756DC-1C2B-4ED7-8978-1AE580095E92}.AppStore|iPhoneSimulator.ActiveCfg = Release|Any CPU
		{668756DC-1C2B-4ED7-8978-1AE580095E92}.AppStore|Mixed Platforms.ActiveCfg = Release|Any CPU
		{668756DC-1C2B-4ED7-8978-1AE580095E92}.AppStore|Mixed Platforms.Build.0 = Release|Any CPU
		{668756DC-1C2B-4ED7-8978-1AE580095E92}.AppStore|x86.ActiveCfg = Release|Any CPU
		{668756DC-1C2B-4ED7-8978-1AE580095E92}.Debug|Any CPU.ActiveCfg = Debug|Any CPU
		{668756DC-1C2B-4ED7-8978-1AE580095E92}.Debug|Any CPU.Build.0 = Debug|Any CPU
		{668756DC-1C2B-4ED7-8978-1AE580095E92}.Debug|ARM.ActiveCfg = Debug|Any CPU
		{668756DC-1C2B-4ED7-8978-1AE580095E92}.Debug|iPhone.ActiveCfg = Debug|Any CPU
		{668756DC-1C2B-4ED7-8978-1AE580095E92}.Debug|iPhoneSimulator.ActiveCfg = Debug|Any CPU
		{668756DC-1C2B-4ED7-8978-1AE580095E92}.Debug|Mixed Platforms.ActiveCfg = Debug|Any CPU
		{668756DC-1C2B-4ED7-8978-1AE580095E92}.Debug|Mixed Platforms.Build.0 = Debug|Any CPU
		{668756DC-1C2B-4ED7-8978-1AE580095E92}.Debug|x86.ActiveCfg = Debug|Any CPU
		{668756DC-1C2B-4ED7-8978-1AE580095E92}.Release|Any CPU.ActiveCfg = Release|Any CPU
		{668756DC-1C2B-4ED7-8978-1AE580095E92}.Release|Any CPU.Build.0 = Release|Any CPU
		{668756DC-1C2B-4ED7-8978-1AE580095E92}.Release|ARM.ActiveCfg = Release|Any CPU
		{668756DC-1C2B-4ED7-8978-1AE580095E92}.Release|iPhone.ActiveCfg = Release|Any CPU
		{668756DC-1C2B-4ED7-8978-1AE580095E92}.Release|iPhoneSimulator.ActiveCfg = Release|Any CPU
		{668756DC-1C2B-4ED7-8978-1AE580095E92}.Release|Mixed Platforms.ActiveCfg = Release|Any CPU
		{668756DC-1C2B-4ED7-8978-1AE580095E92}.Release|Mixed Platforms.Build.0 = Release|Any CPU
		{668756DC-1C2B-4ED7-8978-1AE580095E92}.Release|x86.ActiveCfg = Release|Any CPU
	EndGlobalSection
	GlobalSection(SolutionProperties) = preSolution
		HideSolutionNode = FALSE
	EndGlobalSection
EndGlobal
